# This file is automatically @generated by Poetry 1.8.3 and should not be changed by hand.

[[package]]
name = "cffi"
version = "1.17.0"
description = "Foreign Function Interface for Python calling C code."
optional = false
python-versions = ">=3.8"
files = [
    {file = "cffi-1.17.0-cp310-cp310-macosx_10_9_x86_64.whl", hash = "sha256:f9338cc05451f1942d0d8203ec2c346c830f8e86469903d5126c1f0a13a2bcbb"},
    {file = "cffi-1.17.0-cp310-cp310-macosx_11_0_arm64.whl", hash = "sha256:a0ce71725cacc9ebf839630772b07eeec220cbb5f03be1399e0457a1464f8e1a"},
    {file = "cffi-1.17.0-cp310-cp310-manylinux_2_12_i686.manylinux2010_i686.manylinux_2_17_i686.manylinux2014_i686.whl", hash = "sha256:c815270206f983309915a6844fe994b2fa47e5d05c4c4cef267c3b30e34dbe42"},
    {file = "cffi-1.17.0-cp310-cp310-manylinux_2_17_aarch64.manylinux2014_aarch64.whl", hash = "sha256:d6bdcd415ba87846fd317bee0774e412e8792832e7805938987e4ede1d13046d"},
    {file = "cffi-1.17.0-cp310-cp310-manylinux_2_17_ppc64le.manylinux2014_ppc64le.whl", hash = "sha256:8a98748ed1a1df4ee1d6f927e151ed6c1a09d5ec21684de879c7ea6aa96f58f2"},
    {file = "cffi-1.17.0-cp310-cp310-manylinux_2_17_s390x.manylinux2014_s390x.whl", hash = "sha256:0a048d4f6630113e54bb4b77e315e1ba32a5a31512c31a273807d0027a7e69ab"},
    {file = "cffi-1.17.0-cp310-cp310-manylinux_2_17_x86_64.manylinux2014_x86_64.whl", hash = "sha256:24aa705a5f5bd3a8bcfa4d123f03413de5d86e497435693b638cbffb7d5d8a1b"},
    {file = "cffi-1.17.0-cp310-cp310-musllinux_1_1_aarch64.whl", hash = "sha256:856bf0924d24e7f93b8aee12a3a1095c34085600aa805693fb7f5d1962393206"},
    {file = "cffi-1.17.0-cp310-cp310-musllinux_1_1_i686.whl", hash = "sha256:4304d4416ff032ed50ad6bb87416d802e67139e31c0bde4628f36a47a3164bfa"},
    {file = "cffi-1.17.0-cp310-cp310-musllinux_1_1_x86_64.whl", hash = "sha256:331ad15c39c9fe9186ceaf87203a9ecf5ae0ba2538c9e898e3a6967e8ad3db6f"},
    {file = "cffi-1.17.0-cp310-cp310-win32.whl", hash = "sha256:669b29a9eca6146465cc574659058ed949748f0809a2582d1f1a324eb91054dc"},
    {file = "cffi-1.17.0-cp310-cp310-win_amd64.whl", hash = "sha256:48b389b1fd5144603d61d752afd7167dfd205973a43151ae5045b35793232aa2"},
    {file = "cffi-1.17.0-cp311-cp311-macosx_10_9_x86_64.whl", hash = "sha256:c5d97162c196ce54af6700949ddf9409e9833ef1003b4741c2b39ef46f1d9720"},
    {file = "cffi-1.17.0-cp311-cp311-macosx_11_0_arm64.whl", hash = "sha256:5ba5c243f4004c750836f81606a9fcb7841f8874ad8f3bf204ff5e56332b72b9"},
    {file = "cffi-1.17.0-cp311-cp311-manylinux_2_12_i686.manylinux2010_i686.manylinux_2_17_i686.manylinux2014_i686.whl", hash = "sha256:bb9333f58fc3a2296fb1d54576138d4cf5d496a2cc118422bd77835e6ae0b9cb"},
    {file = "cffi-1.17.0-cp311-cp311-manylinux_2_17_aarch64.manylinux2014_aarch64.whl", hash = "sha256:435a22d00ec7d7ea533db494da8581b05977f9c37338c80bc86314bec2619424"},
    {file = "cffi-1.17.0-cp311-cp311-manylinux_2_17_ppc64le.manylinux2014_ppc64le.whl", hash = "sha256:d1df34588123fcc88c872f5acb6f74ae59e9d182a2707097f9e28275ec26a12d"},
    {file = "cffi-1.17.0-cp311-cp311-manylinux_2_17_s390x.manylinux2014_s390x.whl", hash = "sha256:df8bb0010fdd0a743b7542589223a2816bdde4d94bb5ad67884348fa2c1c67e8"},
    {file = "cffi-1.17.0-cp311-cp311-manylinux_2_17_x86_64.manylinux2014_x86_64.whl", hash = "sha256:a8b5b9712783415695663bd463990e2f00c6750562e6ad1d28e072a611c5f2a6"},
    {file = "cffi-1.17.0-cp311-cp311-musllinux_1_1_aarch64.whl", hash = "sha256:ffef8fd58a36fb5f1196919638f73dd3ae0db1a878982b27a9a5a176ede4ba91"},
    {file = "cffi-1.17.0-cp311-cp311-musllinux_1_1_i686.whl", hash = "sha256:4e67d26532bfd8b7f7c05d5a766d6f437b362c1bf203a3a5ce3593a645e870b8"},
    {file = "cffi-1.17.0-cp311-cp311-musllinux_1_1_x86_64.whl", hash = "sha256:45f7cd36186db767d803b1473b3c659d57a23b5fa491ad83c6d40f2af58e4dbb"},
    {file = "cffi-1.17.0-cp311-cp311-win32.whl", hash = "sha256:a9015f5b8af1bb6837a3fcb0cdf3b874fe3385ff6274e8b7925d81ccaec3c5c9"},
    {file = "cffi-1.17.0-cp311-cp311-win_amd64.whl", hash = "sha256:b50aaac7d05c2c26dfd50c3321199f019ba76bb650e346a6ef3616306eed67b0"},
    {file = "cffi-1.17.0-cp312-cp312-macosx_10_9_x86_64.whl", hash = "sha256:aec510255ce690d240f7cb23d7114f6b351c733a74c279a84def763660a2c3bc"},
    {file = "cffi-1.17.0-cp312-cp312-macosx_11_0_arm64.whl", hash = "sha256:2770bb0d5e3cc0e31e7318db06efcbcdb7b31bcb1a70086d3177692a02256f59"},
    {file = "cffi-1.17.0-cp312-cp312-manylinux_2_12_i686.manylinux2010_i686.manylinux_2_17_i686.manylinux2014_i686.whl", hash = "sha256:db9a30ec064129d605d0f1aedc93e00894b9334ec74ba9c6bdd08147434b33eb"},
    {file = "cffi-1.17.0-cp312-cp312-manylinux_2_17_aarch64.manylinux2014_aarch64.whl", hash = "sha256:a47eef975d2b8b721775a0fa286f50eab535b9d56c70a6e62842134cf7841195"},
    {file = "cffi-1.17.0-cp312-cp312-manylinux_2_17_ppc64le.manylinux2014_ppc64le.whl", hash = "sha256:f3e0992f23bbb0be00a921eae5363329253c3b86287db27092461c887b791e5e"},
    {file = "cffi-1.17.0-cp312-cp312-manylinux_2_17_s390x.manylinux2014_s390x.whl", hash = "sha256:6107e445faf057c118d5050560695e46d272e5301feffda3c41849641222a828"},
    {file = "cffi-1.17.0-cp312-cp312-manylinux_2_17_x86_64.manylinux2014_x86_64.whl", hash = "sha256:eb862356ee9391dc5a0b3cbc00f416b48c1b9a52d252d898e5b7696a5f9fe150"},
    {file = "cffi-1.17.0-cp312-cp312-musllinux_1_1_aarch64.whl", hash = "sha256:c1c13185b90bbd3f8b5963cd8ce7ad4ff441924c31e23c975cb150e27c2bf67a"},
    {file = "cffi-1.17.0-cp312-cp312-musllinux_1_1_x86_64.whl", hash = "sha256:17c6d6d3260c7f2d94f657e6872591fe8733872a86ed1345bda872cfc8c74885"},
    {file = "cffi-1.17.0-cp312-cp312-win32.whl", hash = "sha256:c3b8bd3133cd50f6b637bb4322822c94c5ce4bf0d724ed5ae70afce62187c492"},
    {file = "cffi-1.17.0-cp312-cp312-win_amd64.whl", hash = "sha256:dca802c8db0720ce1c49cce1149ff7b06e91ba15fa84b1d59144fef1a1bc7ac2"},
    {file = "cffi-1.17.0-cp313-cp313-macosx_10_13_x86_64.whl", hash = "sha256:6ce01337d23884b21c03869d2f68c5523d43174d4fc405490eb0091057943118"},
    {file = "cffi-1.17.0-cp313-cp313-macosx_11_0_arm64.whl", hash = "sha256:cab2eba3830bf4f6d91e2d6718e0e1c14a2f5ad1af68a89d24ace0c6b17cced7"},
    {file = "cffi-1.17.0-cp313-cp313-manylinux_2_12_i686.manylinux2010_i686.manylinux_2_17_i686.manylinux2014_i686.whl", hash = "sha256:14b9cbc8f7ac98a739558eb86fabc283d4d564dafed50216e7f7ee62d0d25377"},
    {file = "cffi-1.17.0-cp313-cp313-manylinux_2_17_aarch64.manylinux2014_aarch64.whl", hash = "sha256:b00e7bcd71caa0282cbe3c90966f738e2db91e64092a877c3ff7f19a1628fdcb"},
    {file = "cffi-1.17.0-cp313-cp313-manylinux_2_17_ppc64le.manylinux2014_ppc64le.whl", hash = "sha256:41f4915e09218744d8bae14759f983e466ab69b178de38066f7579892ff2a555"},
    {file = "cffi-1.17.0-cp313-cp313-manylinux_2_17_s390x.manylinux2014_s390x.whl", hash = "sha256:e4760a68cab57bfaa628938e9c2971137e05ce48e762a9cb53b76c9b569f1204"},
    {file = "cffi-1.17.0-cp313-cp313-manylinux_2_17_x86_64.manylinux2014_x86_64.whl", hash = "sha256:011aff3524d578a9412c8b3cfaa50f2c0bd78e03eb7af7aa5e0df59b158efb2f"},
    {file = "cffi-1.17.0-cp313-cp313-musllinux_1_1_aarch64.whl", hash = "sha256:a003ac9edc22d99ae1286b0875c460351f4e101f8c9d9d2576e78d7e048f64e0"},
    {file = "cffi-1.17.0-cp313-cp313-musllinux_1_1_x86_64.whl", hash = "sha256:ef9528915df81b8f4c7612b19b8628214c65c9b7f74db2e34a646a0a2a0da2d4"},
    {file = "cffi-1.17.0-cp313-cp313-win32.whl", hash = "sha256:70d2aa9fb00cf52034feac4b913181a6e10356019b18ef89bc7c12a283bf5f5a"},
    {file = "cffi-1.17.0-cp313-cp313-win_amd64.whl", hash = "sha256:b7b6ea9e36d32582cda3465f54c4b454f62f23cb083ebc7a94e2ca6ef011c3a7"},
    {file = "cffi-1.17.0-cp38-cp38-macosx_10_9_x86_64.whl", hash = "sha256:964823b2fc77b55355999ade496c54dde161c621cb1f6eac61dc30ed1b63cd4c"},
    {file = "cffi-1.17.0-cp38-cp38-manylinux_2_12_i686.manylinux2010_i686.manylinux_2_17_i686.manylinux2014_i686.whl", hash = "sha256:516a405f174fd3b88829eabfe4bb296ac602d6a0f68e0d64d5ac9456194a5b7e"},
    {file = "cffi-1.17.0-cp38-cp38-manylinux_2_17_aarch64.manylinux2014_aarch64.whl", hash = "sha256:dec6b307ce928e8e112a6bb9921a1cb00a0e14979bf28b98e084a4b8a742bd9b"},
    {file = "cffi-1.17.0-cp38-cp38-manylinux_2_17_ppc64le.manylinux2014_ppc64le.whl", hash = "sha256:e4094c7b464cf0a858e75cd14b03509e84789abf7b79f8537e6a72152109c76e"},
    {file = "cffi-1.17.0-cp38-cp38-manylinux_2_17_s390x.manylinux2014_s390x.whl", hash = "sha256:2404f3de742f47cb62d023f0ba7c5a916c9c653d5b368cc966382ae4e57da401"},
    {file = "cffi-1.17.0-cp38-cp38-manylinux_2_17_x86_64.manylinux2014_x86_64.whl", hash = "sha256:3aa9d43b02a0c681f0bfbc12d476d47b2b2b6a3f9287f11ee42989a268a1833c"},
    {file = "cffi-1.17.0-cp38-cp38-win32.whl", hash = "sha256:0bb15e7acf8ab35ca8b24b90af52c8b391690ef5c4aec3d31f38f0d37d2cc499"},
    {file = "cffi-1.17.0-cp38-cp38-win_amd64.whl", hash = "sha256:93a7350f6706b31f457c1457d3a3259ff9071a66f312ae64dc024f049055f72c"},
    {file = "cffi-1.17.0-cp39-cp39-macosx_10_9_x86_64.whl", hash = "sha256:1a2ddbac59dc3716bc79f27906c010406155031a1c801410f1bafff17ea304d2"},
    {file = "cffi-1.17.0-cp39-cp39-macosx_11_0_arm64.whl", hash = "sha256:6327b572f5770293fc062a7ec04160e89741e8552bf1c358d1a23eba68166759"},
    {file = "cffi-1.17.0-cp39-cp39-manylinux_2_12_i686.manylinux2010_i686.manylinux_2_17_i686.manylinux2014_i686.whl", hash = "sha256:dbc183e7bef690c9abe5ea67b7b60fdbca81aa8da43468287dae7b5c046107d4"},
    {file = "cffi-1.17.0-cp39-cp39-manylinux_2_17_aarch64.manylinux2014_aarch64.whl", hash = "sha256:5bdc0f1f610d067c70aa3737ed06e2726fd9d6f7bfee4a351f4c40b6831f4e82"},
    {file = "cffi-1.17.0-cp39-cp39-manylinux_2_17_ppc64le.manylinux2014_ppc64le.whl", hash = "sha256:6d872186c1617d143969defeadac5a904e6e374183e07977eedef9c07c8953bf"},
    {file = "cffi-1.17.0-cp39-cp39-manylinux_2_17_s390x.manylinux2014_s390x.whl", hash = "sha256:0d46ee4764b88b91f16661a8befc6bfb24806d885e27436fdc292ed7e6f6d058"},
    {file = "cffi-1.17.0-cp39-cp39-manylinux_2_17_x86_64.manylinux2014_x86_64.whl", hash = "sha256:6f76a90c345796c01d85e6332e81cab6d70de83b829cf1d9762d0a3da59c7932"},
    {file = "cffi-1.17.0-cp39-cp39-musllinux_1_1_aarch64.whl", hash = "sha256:0e60821d312f99d3e1569202518dddf10ae547e799d75aef3bca3a2d9e8ee693"},
    {file = "cffi-1.17.0-cp39-cp39-musllinux_1_1_i686.whl", hash = "sha256:eb09b82377233b902d4c3fbeeb7ad731cdab579c6c6fda1f763cd779139e47c3"},
    {file = "cffi-1.17.0-cp39-cp39-musllinux_1_1_x86_64.whl", hash = "sha256:24658baf6224d8f280e827f0a50c46ad819ec8ba380a42448e24459daf809cf4"},
    {file = "cffi-1.17.0-cp39-cp39-win32.whl", hash = "sha256:0fdacad9e0d9fc23e519efd5ea24a70348305e8d7d85ecbb1a5fa66dc834e7fb"},
    {file = "cffi-1.17.0-cp39-cp39-win_amd64.whl", hash = "sha256:7cbc78dc018596315d4e7841c8c3a7ae31cc4d638c9b627f87d52e8abaaf2d29"},
    {file = "cffi-1.17.0.tar.gz", hash = "sha256:f3157624b7558b914cb039fd1af735e5e8049a87c817cc215109ad1c8779df76"},
]

[package.dependencies]
pycparser = "*"

[[package]]
name = "pycparser"
version = "2.22"
description = "C parser in Python"
optional = false
python-versions = ">=3.8"
files = [
    {file = "pycparser-2.22-py3-none-any.whl", hash = "sha256:c3702b6d3dd8c7abc1afa565d7e63d53a1d0bd86cdc24edd75470f4de499cfcc"},
    {file = "pycparser-2.22.tar.gz", hash = "sha256:491c8be9c040f5390f5bf44a5b07752bd07f56edf992381b05c701439eec10f6"},
]

[[package]]
name = "python-dotenv"
version = "1.0.1"
description = "Read key-value pairs from a .env file and set them as environment variables"
optional = false
python-versions = ">=3.8"
files = [
    {file = "python-dotenv-1.0.1.tar.gz", hash = "sha256:e324ee90a023d808f1959c46bcbc04446a10ced277783dc6ee09987c37ec10ca"},
    {file = "python_dotenv-1.0.1-py3-none-any.whl", hash = "sha256:f7b63ef50f1b690dddf550d03497b66d609393b40b564ed0d674909a68ebf16a"},
]

[package.extras]
cli = ["click (>=5.0)"]

[[package]]
name = "pyzmq"
version = "26.1.0"
description = "Python bindings for 0MQ"
optional = false
python-versions = ">=3.7"
files = [
    {file = "pyzmq-26.1.0-cp310-cp310-macosx_10_15_universal2.whl", hash = "sha256:263cf1e36862310bf5becfbc488e18d5d698941858860c5a8c079d1511b3b18e"},
    {file = "pyzmq-26.1.0-cp310-cp310-macosx_10_9_x86_64.whl", hash = "sha256:d5c8b17f6e8f29138678834cf8518049e740385eb2dbf736e8f07fc6587ec682"},
    {file = "pyzmq-26.1.0-cp310-cp310-manylinux_2_17_aarch64.manylinux2014_aarch64.whl", hash = "sha256:75a95c2358fcfdef3374cb8baf57f1064d73246d55e41683aaffb6cfe6862917"},
    {file = "pyzmq-26.1.0-cp310-cp310-manylinux_2_17_i686.manylinux2014_i686.whl", hash = "sha256:f99de52b8fbdb2a8f5301ae5fc0f9e6b3ba30d1d5fc0421956967edcc6914242"},
    {file = "pyzmq-26.1.0-cp310-cp310-manylinux_2_17_x86_64.manylinux2014_x86_64.whl", hash = "sha256:7bcbfbab4e1895d58ab7da1b5ce9a327764f0366911ba5b95406c9104bceacb0"},
    {file = "pyzmq-26.1.0-cp310-cp310-manylinux_2_28_x86_64.whl", hash = "sha256:77ce6a332c7e362cb59b63f5edf730e83590d0ab4e59c2aa5bd79419a42e3449"},
    {file = "pyzmq-26.1.0-cp310-cp310-musllinux_1_1_aarch64.whl", hash = "sha256:ba0a31d00e8616149a5ab440d058ec2da621e05d744914774c4dde6837e1f545"},
    {file = "pyzmq-26.1.0-cp310-cp310-musllinux_1_1_i686.whl", hash = "sha256:8b88641384e84a258b740801cd4dbc45c75f148ee674bec3149999adda4a8598"},
    {file = "pyzmq-26.1.0-cp310-cp310-musllinux_1_1_x86_64.whl", hash = "sha256:2fa76ebcebe555cce90f16246edc3ad83ab65bb7b3d4ce408cf6bc67740c4f88"},
    {file = "pyzmq-26.1.0-cp310-cp310-win32.whl", hash = "sha256:fbf558551cf415586e91160d69ca6416f3fce0b86175b64e4293644a7416b81b"},
    {file = "pyzmq-26.1.0-cp310-cp310-win_amd64.whl", hash = "sha256:a7b8aab50e5a288c9724d260feae25eda69582be84e97c012c80e1a5e7e03fb2"},
    {file = "pyzmq-26.1.0-cp310-cp310-win_arm64.whl", hash = "sha256:08f74904cb066e1178c1ec706dfdb5c6c680cd7a8ed9efebeac923d84c1f13b1"},
    {file = "pyzmq-26.1.0-cp311-cp311-macosx_10_15_universal2.whl", hash = "sha256:46d6800b45015f96b9d92ece229d92f2aef137d82906577d55fadeb9cf5fcb71"},
    {file = "pyzmq-26.1.0-cp311-cp311-macosx_10_9_x86_64.whl", hash = "sha256:5bc2431167adc50ba42ea3e5e5f5cd70d93e18ab7b2f95e724dd8e1bd2c38120"},
    {file = "pyzmq-26.1.0-cp311-cp311-manylinux_2_17_aarch64.manylinux2014_aarch64.whl", hash = "sha256:b3bb34bebaa1b78e562931a1687ff663d298013f78f972a534f36c523311a84d"},
    {file = "pyzmq-26.1.0-cp311-cp311-manylinux_2_17_i686.manylinux2014_i686.whl", hash = "sha256:bd3f6329340cef1c7ba9611bd038f2d523cea79f09f9c8f6b0553caba59ec562"},
    {file = "pyzmq-26.1.0-cp311-cp311-manylinux_2_17_x86_64.manylinux2014_x86_64.whl", hash = "sha256:471880c4c14e5a056a96cd224f5e71211997d40b4bf5e9fdded55dafab1f98f2"},
    {file = "pyzmq-26.1.0-cp311-cp311-manylinux_2_28_x86_64.whl", hash = "sha256:ce6f2b66799971cbae5d6547acefa7231458289e0ad481d0be0740535da38d8b"},
    {file = "pyzmq-26.1.0-cp311-cp311-musllinux_1_1_aarch64.whl", hash = "sha256:0a1f6ea5b1d6cdbb8cfa0536f0d470f12b4b41ad83625012e575f0e3ecfe97f0"},
    {file = "pyzmq-26.1.0-cp311-cp311-musllinux_1_1_i686.whl", hash = "sha256:b45e6445ac95ecb7d728604bae6538f40ccf4449b132b5428c09918523abc96d"},
    {file = "pyzmq-26.1.0-cp311-cp311-musllinux_1_1_x86_64.whl", hash = "sha256:94c4262626424683feea0f3c34951d39d49d354722db2745c42aa6bb50ecd93b"},
    {file = "pyzmq-26.1.0-cp311-cp311-win32.whl", hash = "sha256:a0f0ab9df66eb34d58205913f4540e2ad17a175b05d81b0b7197bc57d000e829"},
    {file = "pyzmq-26.1.0-cp311-cp311-win_amd64.whl", hash = "sha256:8efb782f5a6c450589dbab4cb0f66f3a9026286333fe8f3a084399149af52f29"},
    {file = "pyzmq-26.1.0-cp311-cp311-win_arm64.whl", hash = "sha256:f133d05aaf623519f45e16ab77526e1e70d4e1308e084c2fb4cedb1a0c764bbb"},
    {file = "pyzmq-26.1.0-cp312-cp312-macosx_10_15_universal2.whl", hash = "sha256:3d3146b1c3dcc8a1539e7cc094700b2be1e605a76f7c8f0979b6d3bde5ad4072"},
    {file = "pyzmq-26.1.0-cp312-cp312-macosx_10_9_x86_64.whl", hash = "sha256:d9270fbf038bf34ffca4855bcda6e082e2c7f906b9eb8d9a8ce82691166060f7"},
    {file = "pyzmq-26.1.0-cp312-cp312-manylinux_2_17_aarch64.manylinux2014_aarch64.whl", hash = "sha256:995301f6740a421afc863a713fe62c0aaf564708d4aa057dfdf0f0f56525294b"},
    {file = "pyzmq-26.1.0-cp312-cp312-manylinux_2_17_i686.manylinux2014_i686.whl", hash = "sha256:e7eca8b89e56fb8c6c26dd3e09bd41b24789022acf1cf13358e96f1cafd8cae3"},
    {file = "pyzmq-26.1.0-cp312-cp312-manylinux_2_17_x86_64.manylinux2014_x86_64.whl", hash = "sha256:90d4feb2e83dfe9ace6374a847e98ee9d1246ebadcc0cb765482e272c34e5820"},
    {file = "pyzmq-26.1.0-cp312-cp312-manylinux_2_28_x86_64.whl", hash = "sha256:d4fafc2eb5d83f4647331267808c7e0c5722c25a729a614dc2b90479cafa78bd"},
    {file = "pyzmq-26.1.0-cp312-cp312-musllinux_1_1_aarch64.whl", hash = "sha256:58c33dc0e185dd97a9ac0288b3188d1be12b756eda67490e6ed6a75cf9491d79"},
    {file = "pyzmq-26.1.0-cp312-cp312-musllinux_1_1_i686.whl", hash = "sha256:68a0a1d83d33d8367ddddb3e6bb4afbb0f92bd1dac2c72cd5e5ddc86bdafd3eb"},
    {file = "pyzmq-26.1.0-cp312-cp312-musllinux_1_1_x86_64.whl", hash = "sha256:2ae7c57e22ad881af78075e0cea10a4c778e67234adc65c404391b417a4dda83"},
    {file = "pyzmq-26.1.0-cp312-cp312-win32.whl", hash = "sha256:347e84fc88cc4cb646597f6d3a7ea0998f887ee8dc31c08587e9c3fd7b5ccef3"},
    {file = "pyzmq-26.1.0-cp312-cp312-win_amd64.whl", hash = "sha256:9f136a6e964830230912f75b5a116a21fe8e34128dcfd82285aa0ef07cb2c7bd"},
    {file = "pyzmq-26.1.0-cp312-cp312-win_arm64.whl", hash = "sha256:a4b7a989c8f5a72ab1b2bbfa58105578753ae77b71ba33e7383a31ff75a504c4"},
    {file = "pyzmq-26.1.0-cp313-cp313-macosx_10_13_x86_64.whl", hash = "sha256:d416f2088ac8f12daacffbc2e8918ef4d6be8568e9d7155c83b7cebed49d2322"},
    {file = "pyzmq-26.1.0-cp313-cp313-macosx_10_15_universal2.whl", hash = "sha256:ecb6c88d7946166d783a635efc89f9a1ff11c33d680a20df9657b6902a1d133b"},
    {file = "pyzmq-26.1.0-cp313-cp313-manylinux_2_17_aarch64.manylinux2014_aarch64.whl", hash = "sha256:471312a7375571857a089342beccc1a63584315188560c7c0da7e0a23afd8a5c"},
    {file = "pyzmq-26.1.0-cp313-cp313-manylinux_2_17_i686.manylinux2014_i686.whl", hash = "sha256:0e6cea102ffa16b737d11932c426f1dc14b5938cf7bc12e17269559c458ac334"},
    {file = "pyzmq-26.1.0-cp313-cp313-manylinux_2_17_x86_64.manylinux2014_x86_64.whl", hash = "sha256:ec7248673ffc7104b54e4957cee38b2f3075a13442348c8d651777bf41aa45ee"},
    {file = "pyzmq-26.1.0-cp313-cp313-manylinux_2_28_x86_64.whl", hash = "sha256:0614aed6f87d550b5cecb03d795f4ddbb1544b78d02a4bd5eecf644ec98a39f6"},
    {file = "pyzmq-26.1.0-cp313-cp313-musllinux_1_1_aarch64.whl", hash = "sha256:e8746ce968be22a8a1801bf4a23e565f9687088580c3ed07af5846580dd97f76"},
    {file = "pyzmq-26.1.0-cp313-cp313-musllinux_1_1_i686.whl", hash = "sha256:7688653574392d2eaeef75ddcd0b2de5b232d8730af29af56c5adf1df9ef8d6f"},
    {file = "pyzmq-26.1.0-cp313-cp313-musllinux_1_1_x86_64.whl", hash = "sha256:8d4dac7d97f15c653a5fedcafa82626bd6cee1450ccdaf84ffed7ea14f2b07a4"},
    {file = "pyzmq-26.1.0-cp313-cp313-win32.whl", hash = "sha256:ccb42ca0a4a46232d716779421bbebbcad23c08d37c980f02cc3a6bd115ad277"},
    {file = "pyzmq-26.1.0-cp313-cp313-win_amd64.whl", hash = "sha256:e1e5d0a25aea8b691a00d6b54b28ac514c8cc0d8646d05f7ca6cb64b97358250"},
    {file = "pyzmq-26.1.0-cp313-cp313-win_arm64.whl", hash = "sha256:fc82269d24860cfa859b676d18850cbb8e312dcd7eada09e7d5b007e2f3d9eb1"},
    {file = "pyzmq-26.1.0-cp313-cp313t-macosx_10_13_x86_64.whl", hash = "sha256:416ac51cabd54f587995c2b05421324700b22e98d3d0aa2cfaec985524d16f1d"},
    {file = "pyzmq-26.1.0-cp313-cp313t-macosx_10_15_universal2.whl", hash = "sha256:ff832cce719edd11266ca32bc74a626b814fff236824aa1aeaad399b69fe6eae"},
    {file = "pyzmq-26.1.0-cp313-cp313t-manylinux_2_17_aarch64.manylinux2014_aarch64.whl", hash = "sha256:393daac1bcf81b2a23e696b7b638eedc965e9e3d2112961a072b6cd8179ad2eb"},
    {file = "pyzmq-26.1.0-cp313-cp313t-manylinux_2_17_i686.manylinux2014_i686.whl", hash = "sha256:9869fa984c8670c8ab899a719eb7b516860a29bc26300a84d24d8c1b71eae3ec"},
    {file = "pyzmq-26.1.0-cp313-cp313t-manylinux_2_17_x86_64.manylinux2014_x86_64.whl", hash = "sha256:3b3b8e36fd4c32c0825b4461372949ecd1585d326802b1321f8b6dc1d7e9318c"},
    {file = "pyzmq-26.1.0-cp313-cp313t-manylinux_2_28_x86_64.whl", hash = "sha256:3ee647d84b83509b7271457bb428cc347037f437ead4b0b6e43b5eba35fec0aa"},
    {file = "pyzmq-26.1.0-cp313-cp313t-musllinux_1_1_aarch64.whl", hash = "sha256:45cb1a70eb00405ce3893041099655265fabcd9c4e1e50c330026e82257892c1"},
    {file = "pyzmq-26.1.0-cp313-cp313t-musllinux_1_1_i686.whl", hash = "sha256:5cca7b4adb86d7470e0fc96037771981d740f0b4cb99776d5cb59cd0e6684a73"},
    {file = "pyzmq-26.1.0-cp313-cp313t-musllinux_1_1_x86_64.whl", hash = "sha256:91d1a20bdaf3b25f3173ff44e54b1cfbc05f94c9e8133314eb2962a89e05d6e3"},
    {file = "pyzmq-26.1.0-cp37-cp37m-macosx_10_9_x86_64.whl", hash = "sha256:c0665d85535192098420428c779361b8823d3d7ec4848c6af3abb93bc5c915bf"},
    {file = "pyzmq-26.1.0-cp37-cp37m-manylinux_2_12_i686.manylinux2010_i686.whl", hash = "sha256:96d7c1d35ee4a495df56c50c83df7af1c9688cce2e9e0edffdbf50889c167595"},
    {file = "pyzmq-26.1.0-cp37-cp37m-manylinux_2_12_x86_64.manylinux2010_x86_64.whl", hash = "sha256:b281b5ff5fcc9dcbfe941ac5c7fcd4b6c065adad12d850f95c9d6f23c2652384"},
    {file = "pyzmq-26.1.0-cp37-cp37m-manylinux_2_17_aarch64.manylinux2014_aarch64.whl", hash = "sha256:5384c527a9a004445c5074f1e20db83086c8ff1682a626676229aafd9cf9f7d1"},
    {file = "pyzmq-26.1.0-cp37-cp37m-musllinux_1_1_aarch64.whl", hash = "sha256:754c99a9840839375ee251b38ac5964c0f369306eddb56804a073b6efdc0cd88"},
    {file = "pyzmq-26.1.0-cp37-cp37m-musllinux_1_1_i686.whl", hash = "sha256:9bdfcb74b469b592972ed881bad57d22e2c0acc89f5e8c146782d0d90fb9f4bf"},
    {file = "pyzmq-26.1.0-cp37-cp37m-musllinux_1_1_x86_64.whl", hash = "sha256:bd13f0231f4788db619347b971ca5f319c5b7ebee151afc7c14632068c6261d3"},
    {file = "pyzmq-26.1.0-cp37-cp37m-win32.whl", hash = "sha256:c5668dac86a869349828db5fc928ee3f58d450dce2c85607067d581f745e4fb1"},
    {file = "pyzmq-26.1.0-cp37-cp37m-win_amd64.whl", hash = "sha256:ad875277844cfaeca7fe299ddf8c8d8bfe271c3dc1caf14d454faa5cdbf2fa7a"},
    {file = "pyzmq-26.1.0-cp38-cp38-macosx_10_15_universal2.whl", hash = "sha256:65c6e03cc0222eaf6aad57ff4ecc0a070451e23232bb48db4322cc45602cede0"},
    {file = "pyzmq-26.1.0-cp38-cp38-macosx_10_9_x86_64.whl", hash = "sha256:038ae4ffb63e3991f386e7fda85a9baab7d6617fe85b74a8f9cab190d73adb2b"},
    {file = "pyzmq-26.1.0-cp38-cp38-manylinux_2_12_i686.manylinux2010_i686.whl", hash = "sha256:bdeb2c61611293f64ac1073f4bf6723b67d291905308a7de9bb2ca87464e3273"},
    {file = "pyzmq-26.1.0-cp38-cp38-manylinux_2_12_x86_64.manylinux2010_x86_64.whl", hash = "sha256:61dfa5ee9d7df297c859ac82b1226d8fefaf9c5113dc25c2c00ecad6feeeb04f"},
    {file = "pyzmq-26.1.0-cp38-cp38-manylinux_2_17_aarch64.manylinux2014_aarch64.whl", hash = "sha256:f3292d384537b9918010769b82ab3e79fca8b23d74f56fc69a679106a3e2c2cf"},
    {file = "pyzmq-26.1.0-cp38-cp38-musllinux_1_1_aarch64.whl", hash = "sha256:f9499c70c19ff0fbe1007043acb5ad15c1dec7d8e84ab429bca8c87138e8f85c"},
    {file = "pyzmq-26.1.0-cp38-cp38-musllinux_1_1_i686.whl", hash = "sha256:d3dd5523ed258ad58fed7e364c92a9360d1af8a9371e0822bd0146bdf017ef4c"},
    {file = "pyzmq-26.1.0-cp38-cp38-musllinux_1_1_x86_64.whl", hash = "sha256:baba2fd199b098c5544ef2536b2499d2e2155392973ad32687024bd8572a7d1c"},
    {file = "pyzmq-26.1.0-cp38-cp38-win32.whl", hash = "sha256:ddbb2b386128d8eca92bd9ca74e80f73fe263bcca7aa419f5b4cbc1661e19741"},
    {file = "pyzmq-26.1.0-cp38-cp38-win_amd64.whl", hash = "sha256:79e45a4096ec8388cdeb04a9fa5e9371583bcb826964d55b8b66cbffe7b33c86"},
    {file = "pyzmq-26.1.0-cp39-cp39-macosx_10_15_universal2.whl", hash = "sha256:add52c78a12196bc0fda2de087ba6c876ea677cbda2e3eba63546b26e8bf177b"},
    {file = "pyzmq-26.1.0-cp39-cp39-macosx_10_9_x86_64.whl", hash = "sha256:98c03bd7f3339ff47de7ea9ac94a2b34580a8d4df69b50128bb6669e1191a895"},
    {file = "pyzmq-26.1.0-cp39-cp39-manylinux_2_12_i686.manylinux2010_i686.whl", hash = "sha256:dcc37d9d708784726fafc9c5e1232de655a009dbf97946f117aefa38d5985a0f"},
    {file = "pyzmq-26.1.0-cp39-cp39-manylinux_2_12_x86_64.manylinux2010_x86_64.whl", hash = "sha256:5a6ed52f0b9bf8dcc64cc82cce0607a3dfed1dbb7e8c6f282adfccc7be9781de"},
    {file = "pyzmq-26.1.0-cp39-cp39-manylinux_2_17_aarch64.manylinux2014_aarch64.whl", hash = "sha256:451e16ae8bea3d95649317b463c9f95cd9022641ec884e3d63fc67841ae86dfe"},
    {file = "pyzmq-26.1.0-cp39-cp39-musllinux_1_1_aarch64.whl", hash = "sha256:906e532c814e1d579138177a00ae835cd6becbf104d45ed9093a3aaf658f6a6a"},
    {file = "pyzmq-26.1.0-cp39-cp39-musllinux_1_1_i686.whl", hash = "sha256:05bacc4f94af468cc82808ae3293390278d5f3375bb20fef21e2034bb9a505b6"},
    {file = "pyzmq-26.1.0-cp39-cp39-musllinux_1_1_x86_64.whl", hash = "sha256:57bb2acba798dc3740e913ffadd56b1fcef96f111e66f09e2a8db3050f1f12c8"},
    {file = "pyzmq-26.1.0-cp39-cp39-win32.whl", hash = "sha256:f774841bb0e8588505002962c02da420bcfb4c5056e87a139c6e45e745c0e2e2"},
    {file = "pyzmq-26.1.0-cp39-cp39-win_amd64.whl", hash = "sha256:359c533bedc62c56415a1f5fcfd8279bc93453afdb0803307375ecf81c962402"},
    {file = "pyzmq-26.1.0-cp39-cp39-win_arm64.whl", hash = "sha256:7907419d150b19962138ecec81a17d4892ea440c184949dc29b358bc730caf69"},
    {file = "pyzmq-26.1.0-pp310-pypy310_pp73-macosx_10_15_x86_64.whl", hash = "sha256:b24079a14c9596846bf7516fe75d1e2188d4a528364494859106a33d8b48be38"},
    {file = "pyzmq-26.1.0-pp310-pypy310_pp73-manylinux_2_17_aarch64.manylinux2014_aarch64.whl", hash = "sha256:59d0acd2976e1064f1b398a00e2c3e77ed0a157529779e23087d4c2fb8aaa416"},
    {file = "pyzmq-26.1.0-pp310-pypy310_pp73-manylinux_2_17_i686.manylinux2014_i686.whl", hash = "sha256:911c43a4117915203c4cc8755e0f888e16c4676a82f61caee2f21b0c00e5b894"},
    {file = "pyzmq-26.1.0-pp310-pypy310_pp73-manylinux_2_17_x86_64.manylinux2014_x86_64.whl", hash = "sha256:b10163e586cc609f5f85c9b233195554d77b1e9a0801388907441aaeb22841c5"},
    {file = "pyzmq-26.1.0-pp310-pypy310_pp73-win_amd64.whl", hash = "sha256:28a8b2abb76042f5fd7bd720f7fea48c0fd3e82e9de0a1bf2c0de3812ce44a42"},
    {file = "pyzmq-26.1.0-pp37-pypy37_pp73-macosx_10_9_x86_64.whl", hash = "sha256:bef24d3e4ae2c985034439f449e3f9e06bf579974ce0e53d8a507a1577d5b2ab"},
    {file = "pyzmq-26.1.0-pp37-pypy37_pp73-manylinux_2_12_i686.manylinux2010_i686.whl", hash = "sha256:2cd0f4d314f4a2518e8970b6f299ae18cff7c44d4a1fc06fc713f791c3a9e3ea"},
    {file = "pyzmq-26.1.0-pp37-pypy37_pp73-manylinux_2_12_x86_64.manylinux2010_x86_64.whl", hash = "sha256:fa25a620eed2a419acc2cf10135b995f8f0ce78ad00534d729aa761e4adcef8a"},
    {file = "pyzmq-26.1.0-pp37-pypy37_pp73-manylinux_2_17_aarch64.manylinux2014_aarch64.whl", hash = "sha256:ef3b048822dca6d231d8a8ba21069844ae38f5d83889b9b690bf17d2acc7d099"},
    {file = "pyzmq-26.1.0-pp37-pypy37_pp73-win_amd64.whl", hash = "sha256:9a6847c92d9851b59b9f33f968c68e9e441f9a0f8fc972c5580c5cd7cbc6ee24"},
    {file = "pyzmq-26.1.0-pp38-pypy38_pp73-macosx_10_9_x86_64.whl", hash = "sha256:c9b9305004d7e4e6a824f4f19b6d8f32b3578aad6f19fc1122aaf320cbe3dc83"},
    {file = "pyzmq-26.1.0-pp38-pypy38_pp73-manylinux_2_12_i686.manylinux2010_i686.whl", hash = "sha256:63c1d3a65acb2f9c92dce03c4e1758cc552f1ae5c78d79a44e3bb88d2fa71f3a"},
    {file = "pyzmq-26.1.0-pp38-pypy38_pp73-manylinux_2_12_x86_64.manylinux2010_x86_64.whl", hash = "sha256:d36b8fffe8b248a1b961c86fbdfa0129dfce878731d169ede7fa2631447331be"},
    {file = "pyzmq-26.1.0-pp38-pypy38_pp73-manylinux_2_17_aarch64.manylinux2014_aarch64.whl", hash = "sha256:67976d12ebfd61a3bc7d77b71a9589b4d61d0422282596cf58c62c3866916544"},
    {file = "pyzmq-26.1.0-pp38-pypy38_pp73-win_amd64.whl", hash = "sha256:998444debc8816b5d8d15f966e42751032d0f4c55300c48cc337f2b3e4f17d03"},
    {file = "pyzmq-26.1.0-pp39-pypy39_pp73-macosx_10_15_x86_64.whl", hash = "sha256:e5c88b2f13bcf55fee78ea83567b9fe079ba1a4bef8b35c376043440040f7edb"},
    {file = "pyzmq-26.1.0-pp39-pypy39_pp73-manylinux_2_17_aarch64.manylinux2014_aarch64.whl", hash = "sha256:8d906d43e1592be4b25a587b7d96527cb67277542a5611e8ea9e996182fae410"},
    {file = "pyzmq-26.1.0-pp39-pypy39_pp73-manylinux_2_17_i686.manylinux2014_i686.whl", hash = "sha256:80b0c9942430d731c786545da6be96d824a41a51742e3e374fedd9018ea43106"},
    {file = "pyzmq-26.1.0-pp39-pypy39_pp73-manylinux_2_17_x86_64.manylinux2014_x86_64.whl", hash = "sha256:314d11564c00b77f6224d12eb3ddebe926c301e86b648a1835c5b28176c83eab"},
    {file = "pyzmq-26.1.0-pp39-pypy39_pp73-manylinux_2_28_x86_64.whl", hash = "sha256:093a1a3cae2496233f14b57f4b485da01b4ff764582c854c0f42c6dd2be37f3d"},
    {file = "pyzmq-26.1.0-pp39-pypy39_pp73-win_amd64.whl", hash = "sha256:3c397b1b450f749a7e974d74c06d69bd22dd362142f370ef2bd32a684d6b480c"},
    {file = "pyzmq-26.1.0.tar.gz", hash = "sha256:6c5aeea71f018ebd3b9115c7cb13863dd850e98ca6b9258509de1246461a7e7f"},
]

[package.dependencies]
cffi = {version = "*", markers = "implementation_name == \"pypy\""}

[metadata]
lock-version = "2.0"
python-versions = "^3.9.2"
content-hash = "33b1cb2e9d5a228876787220b7942aab6a4ab260714c1e92228afc96a6810f50"
